
Microsoft Visual Studio Solution File, Format Version 12.00
# Visual Studio Version 17
VisualStudioVersion = 17.11.35219.272
MinimumVisualStudioVersion = 10.0.40219.1
Project("{FAE04EC0-301F-11D3-BF4B-00C04F79EFBC}") = "Presentación", "TP-CAI-2024-G5\Presentación.csproj", "{BA45BBFD-CF72-45B4-9977-1FEE807A62A6}"
EndProject
Project("{FAE04EC0-301F-11D3-BF4B-00C04F79EFBC}") = "ClassLibrary1", "ClassLibrary1\ClassLibrary1.csproj", "{4905D72C-3AC0-4A46-A841-59B12107032F}"
EndProject
Global
	GlobalSection(SolutionConfigurationPlatforms) = preSolution
		Debug|Any CPU = Debug|Any CPU
		Release|Any CPU = Release|Any CPU
	EndGlobalSection
	GlobalSection(ProjectConfigurationPlatforms) = postSolution
		{BA45BBFD-CF72-45B4-9977-1FEE807A62A6}.Debug|Any CPU.ActiveCfg = Debug|Any CPU
		{BA45BBFD-CF72-45B4-9977-1FEE807A62A6}.Debug|Any CPU.Build.0 = Debug|Any CPU
		{BA45BBFD-CF72-45B4-9977-1FEE807A62A6}.Release|Any CPU.ActiveCfg = Release|Any CPU
		{BA45BBFD-CF72-45B4-9977-1FEE807A62A6}.Release|Any CPU.Build.0 = Release|Any CPU
		{4905D72C-3AC0-4A46-A841-59B12107032F}.Debug|Any CPU.ActiveCfg = Debug|Any CPU
		{4905D72C-3AC0-4A46-A841-59B12107032F}.Debug|Any CPU.Build.0 = Debug|Any CPU
		{4905D72C-3AC0-4A46-A841-59B12107032F}.Release|Any CPU.ActiveCfg = Release|Any CPU
		{4905D72C-3AC0-4A46-A841-59B12107032F}.Release|Any CPU.Build.0 = Release|Any CPU
	EndGlobalSection
	GlobalSection(SolutionProperties) = preSolution
		HideSolutionNode = FALSE
	EndGlobalSection
	GlobalSection(ExtensibilityGlobals) = postSolution
		SolutionGuid = {870DE327-9EC4-4CB0-ABB8-9FF088AD180D}
	EndGlobalSection
EndGlobal
